
Microsoft Visual Studio Solution File, Format Version 12.00
# Visual Studio 2012
Project("{FAE04EC0-301F-11D3-BF4B-00C04F79EFBC}") = "GoF.Model", "GoF.Model\GoF.Model.csproj", "{673DC3D2-8364-47E3-8005-E5A057FA6881}"
EndProject
Project("{FAE04EC0-301F-11D3-BF4B-00C04F79EFBC}") = "GoF.Model.Tests", "GoF.Model.Tests\GoF.Model.Tests.csproj", "{8DB38BFF-7630-4AA1-91F6-935A4B170400}"
EndProject
Global
	GlobalSection(SolutionConfigurationPlatforms) = preSolution
		Debug|Any CPU = Debug|Any CPU
		Release|Any CPU = Release|Any CPU
	EndGlobalSection
	GlobalSection(ProjectConfigurationPlatforms) = postSolution
		{673DC3D2-8364-47E3-8005-E5A057FA6881}.Debug|Any CPU.ActiveCfg = Debug|Any CPU
		{673DC3D2-8364-47E3-8005-E5A057FA6881}.Debug|Any CPU.Build.0 = Debug|Any CPU
		{673DC3D2-8364-47E3-8005-E5A057FA6881}.Release|Any CPU.ActiveCfg = Release|Any CPU
		{673DC3D2-8364-47E3-8005-E5A057FA6881}.Release|Any CPU.Build.0 = Release|Any CPU
		{8DB38BFF-7630-4AA1-91F6-935A4B170400}.Debug|Any CPU.ActiveCfg = Debug|Any CPU
		{8DB38BFF-7630-4AA1-91F6-935A4B170400}.Debug|Any CPU.Build.0 = Debug|Any CPU
		{8DB38BFF-7630-4AA1-91F6-935A4B170400}.Release|Any CPU.ActiveCfg = Release|Any CPU
		{8DB38BFF-7630-4AA1-91F6-935A4B170400}.Release|Any CPU.Build.0 = Release|Any CPU
	EndGlobalSection
	GlobalSection(SolutionProperties) = preSolution
		HideSolutionNode = FALSE
	EndGlobalSection
EndGlobal
